// !$*UTF8*$!
{
	archiveVersion = 1;
	classes = {
	};
	objectVersion = 56;
	objects = {

/* Begin PBXBuildFile section */
		F084BE622B72C44D00BC8CDB /* DetailsVC.swift in Sources */ = {isa = PBXBuildFile; fileRef = F084BE612B72C44D00BC8CDB /* DetailsVC.swift */; };
		F084BE642B72D71E00BC8CDB /* 4dc3dd3092ecf6237dfae1e9f46c4961.jpg in Resources */ = {isa = PBXBuildFile; fileRef = F084BE632B72D71D00BC8CDB /* 4dc3dd3092ecf6237dfae1e9f46c4961.jpg */; };
		F0879E542B7184D600FEA7BA /* AppDelegate.swift in Sources */ = {isa = PBXBuildFile; fileRef = F0879E532B7184D600FEA7BA /* AppDelegate.swift */; };
		F0879E562B7184D600FEA7BA /* SceneDelegate.swift in Sources */ = {isa = PBXBuildFile; fileRef = F0879E552B7184D600FEA7BA /* SceneDelegate.swift */; };
		F0879E582B7184D600FEA7BA /* ViewController.swift in Sources */ = {isa = PBXBuildFile; fileRef = F0879E572B7184D600FEA7BA /* ViewController.swift */; };
		F0879E5B2B7184D600FEA7BA /* Main.storyboard in Resources */ = {isa = PBXBuildFile; fileRef = F0879E592B7184D600FEA7BA /* Main.storyboard */; };
		F0879E5E2B7184D600FEA7BA /* ArtBook.xcdatamodeld in Sources */ = {isa = PBXBuildFile; fileRef = F0879E5C2B7184D600FEA7BA /* ArtBook.xcdatamodeld */; };
		F0879E602B7184D800FEA7BA /* Assets.xcassets in Resources */ = {isa = PBXBuildFile; fileRef = F0879E5F2B7184D800FEA7BA /* Assets.xcassets */; };
		F0879E632B7184D800FEA7BA /* LaunchScreen.storyboard in Resources */ = {isa = PBXBuildFile; fileRef = F0879E612B7184D800FEA7BA /* LaunchScreen.storyboard */; };
/* End PBXBuildFile section */

/* Begin PBXFileReference section */
		F084BE612B72C44D00BC8CDB /* DetailsVC.swift */ = {isa = PBXFileReference; lastKnownFileType = sourcecode.swift; path = DetailsVC.swift; sourceTree = "<group>"; };
		F084BE632B72D71D00BC8CDB /* 4dc3dd3092ecf6237dfae1e9f46c4961.jpg */ = {isa = PBXFileReference; lastKnownFileType = image.jpeg; name = 4dc3dd3092ecf6237dfae1e9f46c4961.jpg; path = ../../PHOTOS/4dc3dd3092ecf6237dfae1e9f46c4961.jpg; sourceTree = "<group>"; };
		F0879E502B7184D600FEA7BA /* ArtBook.app */ = {isa = PBXFileReference; explicitFileType = wrapper.application; includeInIndex = 0; path = ArtBook.app; sourceTree = BUILT_PRODUCTS_DIR; };
		F0879E532B7184D600FEA7BA /* AppDelegate.swift */ = {isa = PBXFileReference; lastKnownFileType = sourcecode.swift; path = AppDelegate.swift; sourceTree = "<group>"; };
		F0879E552B7184D600FEA7BA /* SceneDelegate.swift */ = {isa = PBXFileReference; lastKnownFileType = sourcecode.swift; path = SceneDelegate.swift; sourceTree = "<group>"; };
		F0879E572B7184D600FEA7BA /* ViewController.swift */ = {isa = PBXFileReference; lastKnownFileType = sourcecode.swift; path = ViewController.swift; sourceTree = "<group>"; };
		F0879E5A2B7184D600FEA7BA /* Base */ = {isa = PBXFileReference; lastKnownFileType = file.storyboard; name = Base; path = Base.lproj/Main.storyboard; sourceTree = "<group>"; };
		F0879E5D2B7184D600FEA7BA /* ArtBook.xcdatamodel */ = {isa = PBXFileReference; lastKnownFileType = wrapper.xcdatamodel; path = ArtBook.xcdatamodel; sourceTree = "<group>"; };
		F0879E5F2B7184D800FEA7BA /* Assets.xcassets */ = {isa = PBXFileReference; lastKnownFileType = folder.assetcatalog; path = Assets.xcassets; sourceTree = "<group>"; };
		F0879E622B7184D800FEA7BA /* Base */ = {isa = PBXFileReference; lastKnownFileType = file.storyboard; name = Base; path = Base.lproj/LaunchScreen.storyboard; sourceTree = "<group>"; };
		F0879E642B7184D800FEA7BA /* Info.plist */ = {isa = PBXFileReference; lastKnownFileType = text.plist.xml; path = Info.plist; sourceTree = "<group>"; };
/* End PBXFileReference section */

/* Begin PBXFrameworksBuildPhase section */
		F0879E4D2B7184D600FEA7BA /* Frameworks */ = {
			isa = PBXFrameworksBuildPhase;
			buildActionMask = 2147483647;
			files = (
			);
			runOnlyForDeploymentPostprocessing = 0;
		};
/* End PBXFrameworksBuildPhase section */

/* Begin PBXGroup section */
		F0879E472B7184D600FEA7BA = {
			isa = PBXGroup;
			children = (
				F0879E522B7184D600FEA7BA /* ArtBook */,
				F0879E512B7184D600FEA7BA /* Products */,
			);
			sourceTree = "<group>";
		};
		F0879E512B7184D600FEA7BA /* Products */ = {
			isa = PBXGroup;
			children = (
				F0879E502B7184D600FEA7BA /* ArtBook.app */,
			);
			name = Products;
			sourceTree = "<group>";
		};
		F0879E522B7184D600FEA7BA /* ArtBook */ = {
			isa = PBXGroup;
			children = (
				F0879E532B7184D600FEA7BA /* AppDelegate.swift */,
				F0879E552B7184D600FEA7BA /* SceneDelegate.swift */,
				F0879E572B7184D600FEA7BA /* ViewController.swift */,
				F0879E592B7184D600FEA7BA /* Main.storyboard */,
				F0879E5F2B7184D800FEA7BA /* Assets.xcassets */,
				F0879E612B7184D800FEA7BA /* LaunchScreen.storyboard */,
				F0879E642B7184D800FEA7BA /* Info.plist */,
				F0879E5C2B7184D600FEA7BA /* ArtBook.xcdatamodeld */,
				F084BE612B72C44D00BC8CDB /* DetailsVC.swift */,
				F084BE632B72D71D00BC8CDB /* 4dc3dd3092ecf6237dfae1e9f46c4961.jpg */,
			);
			path = ArtBook;
			sourceTree = "<group>";
		};
/* End PBXGroup section */

/* Begin PBXNativeTarget section */
		F0879E4F2B7184D600FEA7BA /* ArtBook */ = {
			isa = PBXNativeTarget;
			buildConfigurationList = F0879E672B7184D800FEA7BA /* Build configuration list for PBXNativeTarget "ArtBook" */;
			buildPhases = (
				F0879E4C2B7184D600FEA7BA /* Sources */,
				F0879E4D2B7184D600FEA7BA /* Frameworks */,
				F0879E4E2B7184D600FEA7BA /* Resources */,
			);
			buildRules = (
			);
			dependencies = (
			);
			name = ArtBook;
			productName = ArtBook;
			productReference = F0879E502B7184D600FEA7BA /* ArtBook.app */;
			productType = "com.apple.product-type.application";
		};
/* End PBXNativeTarget section */

/* Begin PBXProject section */
		F0879E482B7184D600FEA7BA /* Project object */ = {
			isa = PBXProject;
			attributes = {
				BuildIndependentTargetsInParallel = 1;
				LastSwiftUpdateCheck = 1520;
				LastUpgradeCheck = 1520;
				TargetAttributes = {
					F0879E4F2B7184D600FEA7BA = {
						CreatedOnToolsVersion = 15.2;
					};
				};
			};
			buildConfigurationList = F0879E4B2B7184D600FEA7BA /* Build configuration list for PBXProject "ArtBook" */;
			compatibilityVersion = "Xcode 14.0";
			developmentRegion = en;
			hasScannedForEncodings = 0;
			knownRegions = (
				en,
				Base,
			);
			mainGroup = F0879E472B7184D600FEA7BA;
			productRefGroup = F0879E512B7184D600FEA7BA /* Products */;
			projectDirPath = "";
			projectRoot = "";
			targets = (
				F0879E4F2B7184D600FEA7BA /* ArtBook */,
			);
		};
/* End PBXProject section */

/* Begin PBXResourcesBuildPhase section */
		F0879E4E2B7184D600FEA7BA /* Resources */ = {
			isa = PBXResourcesBuildPhase;
			buildActionMask = 2147483647;
			files = (
				F0879E632B7184D800FEA7BA /* LaunchScreen.storyboard in Resources */,
				F084BE642B72D71E00BC8CDB /* 4dc3dd3092ecf6237dfae1e9f46c4961.jpg in Resources */,
				F0879E602B7184D800FEA7BA /* Assets.xcassets in Resources */,
				F0879E5B2B7184D600FEA7BA /* Main.storyboard in Resources */,
			);
			runOnlyForDeploymentPostprocessing = 0;
		};
/* End PBXResourcesBuildPhase section */

/* Begin PBXSourcesBuildPhase section */
		F0879E4C2B7184D600FEA7BA /* Sources */ = {
			isa = PBXSourcesBuildPhase;
			buildActionMask = 2147483647;
			files = (
				F0879E582B7184D600FEA7BA /* ViewController.swift in Sources */,
				F0879E542B7184D600FEA7BA /* AppDelegate.swift in Sources */,
				F0879E5E2B7184D600FEA7BA /* ArtBook.xcdatamodeld in Sources */,
				F0879E562B7184D600FEA7BA /* SceneDelegate.swift in Sources */,
				F084BE622B72C44D00BC8CDB /* DetailsVC.swift in Sources */,
			);
			runOnlyForDeploymentPostprocessing = 0;
		};
/* End PBXSourcesBuildPhase section */

/* Begin PBXVariantGroup section */
		F0879E592B7184D600FEA7BA /* Main.storyboard */ = {
			isa = PBXVariantGroup;
			children = (
				F0879E5A2B7184D600FEA7BA /* Base */,
			);
			name = Main.storyboard;
			sourceTree = "<group>";
		};
		F0879E612B7184D800FEA7BA /* LaunchScreen.storyboard */ = {
			isa = PBXVariantGroup;
			children = (
				F0879E622B7184D800FEA7BA /* Base */,
			);
			name = LaunchScreen.storyboard;
			sourceTree = "<group>";
		};
/* End PBXVariantGroup section */

/* Begin XCBuildConfiguration section */
		F0879E652B7184D800FEA7BA /* Debug */ = {
			isa = XCBuildConfiguration;
			buildSettings = {
				ALWAYS_SEARCH_USER_PATHS = NO;
				ASSETCATALOG_COMPILER_GENERATE_SWIFT_ASSET_SYMBOL_EXTENSIONS = YES;
				CLANG_ANALYZER_NONNULL = YES;
				CLANG_ANALYZER_NUMBER_OBJECT_CONVERSION = YES_AGGRESSIVE;
				CLANG_CXX_LANGUAGE_STANDARD = "gnu++20";
				CLANG_ENABLE_MODULES = YES;
				CLANG_ENABLE_OBJC_ARC = YES;
				CLANG_ENABLE_OBJC_WEAK = YES;
				CLANG_WARN_BLOCK_CAPTURE_AUTORELEASING = YES;
				CLANG_WARN_BOOL_CONVERSION = YES;
				CLANG_WARN_COMMA = YES;
				CLANG_WARN_CONSTANT_CONVERSION = YES;
				CLANG_WARN_DEPRECATED_OBJC_IMPLEMENTATIONS = YES;
				CLANG_WARN_DIRECT_OBJC_ISA_USAGE = YES_ERROR;
				CLANG_WARN_DOCUMENTATION_COMMENTS = YES;
				CLANG_WARN_EMPTY_BODY = YES;
				CLANG_WARN_ENUM_CONVERSION = YES;
				CLANG_WARN_INFINITE_RECURSION = YES;
				CLANG_WARN_INT_CONVERSION = YES;
				CLANG_WARN_NON_LITERAL_NULL_CONVERSION = YES;
				CLANG_WARN_OBJC_IMPLICIT_RETAIN_SELF = YES;
				CLANG_WARN_OBJC_LITERAL_CONVERSION = YES;
				CLANG_WARN_OBJC_ROOT_CLASS = YES_ERROR;
				CLANG_WARN_QUOTED_INCLUDE_IN_FRAMEWORK_HEADER = YES;
				CLANG_WARN_RANGE_LOOP_ANALYSIS = YES;
				CLANG_WARN_STRICT_PROTOTYPES = YES;
				CLANG_WARN_SUSPICIOUS_MOVE = YES;
				CLANG_WARN_UNGUARDED_AVAILABILITY = YES_AGGRESSIVE;
				CLANG_WARN_UNREACHABLE_CODE = YES;
				CLANG_WARN__DUPLICATE_METHOD_MATCH = YES;
				COPY_PHASE_STRIP = NO;
				DEBUG_INFORMATION_FORMAT = dwarf;
				ENABLE_STRICT_OBJC_MSGSEND = YES;
				ENABLE_TESTABILITY = YES;
				ENABLE_USER_SCRIPT_SANDBOXING = YES;
				GCC_C_LANGUAGE_STANDARD = gnu17;
				GCC_DYNAMIC_NO_PIC = NO;
				GCC_NO_COMMON_BLOCKS = YES;
				GCC_OPTIMIZATION_LEVEL = 0;
				GCC_PREPROCESSOR_DEFINITIONS = (
					"DEBUG=1",
					"$(inherited)",
				);
				GCC_WARN_64_TO_32_BIT_CONVERSION = YES;
				GCC_WARN_ABOUT_RETURN_TYPE = YES_ERROR;
				GCC_WARN_UNDECLARED_SELECTOR = YES;
				GCC_WARN_UNINITIALIZED_AUTOS = YES_AGGRESSIVE;
				GCC_WARN_UNUSED_FUNCTION = YES;
				GCC_WARN_UNUSED_VARIABLE = YES;
				IPHONEOS_DEPLOYMENT_TARGET = 17.2;
				LOCALIZATION_PREFERS_STRING_CATALOGS = YES;
				MTL_ENABLE_DEBUG_INFO = INCLUDE_SOURCE;
				MTL_FAST_MATH = YES;
				ONLY_ACTIVE_ARCH = YES;
				SDKROOT = iphoneos;
				SWIFT_ACTIVE_COMPILATION_CONDITIONS = "DEBUG $(inherited)";
				SWIFT_OPTIMIZATION_LEVEL = "-Onone";
			};
			name = Debug;
		};
		F0879E662B7184D800FEA7BA /* Release */ = {
			isa = XCBuildConfiguration;
			buildSettings = {
				ALWAYS_SEARCH_USER_PATHS = NO;
				ASSETCATALOG_COMPILER_GENERATE_SWIFT_ASSET_SYMBOL_EXTENSIONS = YES;
				CLANG_ANALYZER_NONNULL = YES;
				CLANG_ANALYZER_NUMBER_OBJECT_CONVERSION = YES_AGGRESSIVE;
				CLANG_CXX_LANGUAGE_STANDARD = "gnu++20";
				CLANG_ENABLE_MODULES = YES;
				CLANG_ENABLE_OBJC_ARC = YES;
				CLANG_ENABLE_OBJC_WEAK = YES;
				CLANG_WARN_BLOCK_CAPTURE_AUTORELEASING = YES;
				CLANG_WARN_BOOL_CONVERSION = YES;
				CLANG_WARN_COMMA = YES;
				CLANG_WARN_CONSTANT_CONVERSION = YES;
				CLANG_WARN_DEPRECATED_OBJC_IMPLEMENTATIONS = YES;
				CLANG_WARN_DIRECT_OBJC_ISA_USAGE = YES_ERROR;
				CLANG_WARN_DOCUMENTATION_COMMENTS = YES;
				CLANG_WARN_EMPTY_BODY = YES;
				CLANG_WARN_ENUM_CONVERSION = YES;
				CLANG_WARN_INFINITE_RECURSION = YES;
				CLANG_WARN_INT_CONVERSION = YES;
				CLANG_WARN_NON_LITERAL_NULL_CONVERSION = YES;
				CLANG_WARN_OBJC_IMPLICIT_RETAIN_SELF = YES;
				CLANG_WARN_OBJC_LITERAL_CONVERSION = YES;
				CLANG_WARN_OBJC_ROOT_CLASS = YES_ERROR;
				CLANG_WARN_QUOTED_INCLUDE_IN_FRAMEWORK_HEADER = YES;
				CLANG_WARN_RANGE_LOOP_ANALYSIS = YES;
				CLANG_WARN_STRICT_PROTOTYPES = YES;
				CLANG_WARN_SUSPICIOUS_MOVE = YES;
				CLANG_WARN_UNGUARDED_AVAILABILITY = YES_AGGRESSIVE;
				CLANG_WARN_UNREACHABLE_CODE = YES;
				CLANG_WARN__DUPLICATE_METHOD_MATCH = YES;
				COPY_PHASE_STRIP = NO;
				DEBUG_INFORMATION_FORMAT = "dwarf-with-dsym";
				ENABLE_NS_ASSERTIONS = NO;
				ENABLE_STRICT_OBJC_MSGSEND = YES;
				ENABLE_USER_SCRIPT_SANDBOXING = YES;
				GCC_C_LANGUAGE_STANDARD = gnu17;
				GCC_NO_COMMON_BLOCKS = YES;
				GCC_WARN_64_TO_32_BIT_CONVERSION = YES;
				GCC_WARN_ABOUT_RETURN_TYPE = YES_ERROR;
				GCC_WARN_UNDECLARED_SELECTOR = YES;
				GCC_WARN_UNINITIALIZED_AUTOS = YES_AGGRESSIVE;
				GCC_WARN_UNUSED_FUNCTION = YES;
				GCC_WARN_UNUSED_VARIABLE = YES;
				IPHONEOS_DEPLOYMENT_TARGET = 17.2;
				LOCALIZATION_PREFERS_STRING_CATALOGS = YES;
				MTL_ENABLE_DEBUG_INFO = NO;
				MTL_FAST_MATH = YES;
				SDKROOT = iphoneos;
				SWIFT_COMPILATION_MODE = wholemodule;
				VALIDATE_PRODUCT = YES;
			};
			name = Release;
		};
		F0879E682B7184D800FEA7BA /* Debug */ = {
			isa = XCBuildConfiguration;
			buildSettings = {
				ASSETCATALOG_COMPILER_APPICON_NAME = AppIcon;
				ASSETCATALOG_COMPILER_GLOBAL_ACCENT_COLOR_NAME = AccentColor;
				CODE_SIGN_STYLE = Automatic;
				CURRENT_PROJECT_VERSION = 1;
				DEVELOPMENT_TEAM = LS9RTSS43F;
				GENERATE_INFOPLIST_FILE = YES;
				INFOPLIST_FILE = ArtBook/Info.plist;
				INFOPLIST_KEY_UIApplicationSupportsIndirectInputEvents = YES;
				INFOPLIST_KEY_UILaunchStoryboardName = LaunchScreen;
				INFOPLIST_KEY_UIMainStoryboardFile = Main;
				INFOPLIST_KEY_UISupportedInterfaceOrientations_iPad = "UIInterfaceOrientationPortrait UIInterfaceOrientationPortraitUpsideDown UIInterfaceOrientationLandscapeLeft UIInterfaceOrientationLandscapeRight";
				INFOPLIST_KEY_UISupportedInterfaceOrientations_iPhone = "UIInterfaceOrientationPortrait UIInterfaceOrientationLandscapeLeft UIInterfaceOrientationLandscapeRight";
				LD_RUNPATH_SEARCH_PATHS = (
					"$(inherited)",
					"@executable_path/Frameworks",
				);
				MARKETING_VERSION = 1.0;
				PRODUCT_BUNDLE_IDENTIFIER = com.mizgin.ArtBook;
				PRODUCT_NAME = "$(TARGET_NAME)";
				SWIFT_EMIT_LOC_STRINGS = YES;
				SWIFT_VERSION = 5.0;
				TARGETED_DEVICE_FAMILY = "1,2";
			};
			name = Debug;
		};
		F0879E692B7184D800FEA7BA /* Release */ = {
			isa = XCBuildConfiguration;
			buildSettings = {
				ASSETCATALOG_COMPILER_APPICON_NAME = AppIcon;
				ASSETCATALOG_COMPILER_GLOBAL_ACCENT_COLOR_NAME = AccentColor;
				CODE_SIGN_STYLE = Automatic;
				CURRENT_PROJECT_VERSION = 1;
				DEVELOPMENT_TEAM = LS9RTSS43F;
				GENERATE_INFOPLIST_FILE = YES;
				INFOPLIST_FILE = ArtBook/Info.plist;
				INFOPLIST_KEY_UIApplicationSupportsIndirectInputEvents = YES;
				INFOPLIST_KEY_UILaunchStoryboardName = LaunchScreen;
				INFOPLIST_KEY_UIMainStoryboardFile = Main;
				INFOPLIST_KEY_UISupportedInterfaceOrientations_iPad = "UIInterfaceOrientationPortrait UIInterfaceOrientationPortraitUpsideDown UIInterfaceOrientationLandscapeLeft UIInterfaceOrientationLandscapeRight";
				INFOPLIST_KEY_UISupportedInterfaceOrientations_iPhone = "UIInterfaceOrientationPortrait UIInterfaceOrientationLandscapeLeft UIInterfaceOrientationLandscapeRight";
				LD_RUNPATH_SEARCH_PATHS = (
					"$(inherited)",
					"@executable_path/Frameworks",
				);
				MARKETING_VERSION = 1.0;
				PRODUCT_BUNDLE_IDENTIFIER = com.mizgin.ArtBook;
				PRODUCT_NAME = "$(TARGET_NAME)";
				SWIFT_EMIT_LOC_STRINGS = YES;
				SWIFT_VERSION = 5.0;
				TARGETED_DEVICE_FAMILY = "1,2";
			};
			name = Release;
		};
/* End XCBuildConfiguration section */

/* Begin XCConfigurationList section */
		F0879E4B2B7184D600FEA7BA /* Build configuration list for PBXProject "ArtBook" */ = {
			isa = XCConfigurationList;
			buildConfigurations = (
				F0879E652B7184D800FEA7BA /* Debug */,
				F0879E662B7184D800FEA7BA /* Release */,
			);
			defaultConfigurationIsVisible = 0;
			defaultConfigurationName = Release;
		};
		F0879E672B7184D800FEA7BA /* Build configuration list for PBXNativeTarget "ArtBook" */ = {
			isa = XCConfigurationList;
			buildConfigurations = (
				F0879E682B7184D800FEA7BA /* Debug */,
				F0879E692B7184D800FEA7BA /* Release */,
			);
			defaultConfigurationIsVisible = 0;
			defaultConfigurationName = Release;
		};
/* End XCConfigurationList section */

/* Begin XCVersionGroup section */
		F0879E5C2B7184D600FEA7BA /* ArtBook.xcdatamodeld */ = {
			isa = XCVersionGroup;
			children = (
				F0879E5D2B7184D600FEA7BA /* ArtBook.xcdatamodel */,
			);
			currentVersion = F0879E5D2B7184D600FEA7BA /* ArtBook.xcdatamodel */;
			path = ArtBook.xcdatamodeld;
			sourceTree = "<group>";
			versionGroupType = wrapper.xcdatamodel;
		};
/* End XCVersionGroup section */
	};
	rootObject = F0879E482B7184D600FEA7BA /* Project object */;
}
